
Microsoft Visual Studio Solution File, Format Version 12.00
# Visual Studio Version 17
VisualStudioVersion = 17.10.35004.147
MinimumVisualStudioVersion = 10.0.40219.1
Project("{FAE04EC0-301F-11D3-BF4B-00C04F79EFBC}") = "RentApartmentWebsite.Server", "RentApartmentWebsite.Server\RentApartmentWebsite.Server.csproj", "{F63526B1-B58A-4C0F-89E5-BED300B396E4}"
EndProject
Project("{54A90642-561A-4BB1-A94E-469ADEE60C69}") = "rentapartmentwebsite.client", "rentapartmentwebsite.client\rentapartmentwebsite.client.esproj", "{5D6A3C51-BFDA-40E4-8B80-657B780E9548}"
EndProject
Global
	GlobalSection(SolutionConfigurationPlatforms) = preSolution
		Debug|Any CPU = Debug|Any CPU
		Release|Any CPU = Release|Any CPU
	EndGlobalSection
	GlobalSection(ProjectConfigurationPlatforms) = postSolution
		{F63526B1-B58A-4C0F-89E5-BED300B396E4}.Debug|Any CPU.ActiveCfg = Debug|Any CPU
		{F63526B1-B58A-4C0F-89E5-BED300B396E4}.Debug|Any CPU.Build.0 = Debug|Any CPU
		{F63526B1-B58A-4C0F-89E5-BED300B396E4}.Release|Any CPU.ActiveCfg = Release|Any CPU
		{F63526B1-B58A-4C0F-89E5-BED300B396E4}.Release|Any CPU.Build.0 = Release|Any CPU
		{5D6A3C51-BFDA-40E4-8B80-657B780E9548}.Debug|Any CPU.ActiveCfg = Debug|Any CPU
		{5D6A3C51-BFDA-40E4-8B80-657B780E9548}.Debug|Any CPU.Build.0 = Debug|Any CPU
		{5D6A3C51-BFDA-40E4-8B80-657B780E9548}.Debug|Any CPU.Deploy.0 = Debug|Any CPU
		{5D6A3C51-BFDA-40E4-8B80-657B780E9548}.Release|Any CPU.ActiveCfg = Release|Any CPU
		{5D6A3C51-BFDA-40E4-8B80-657B780E9548}.Release|Any CPU.Build.0 = Release|Any CPU
		{5D6A3C51-BFDA-40E4-8B80-657B780E9548}.Release|Any CPU.Deploy.0 = Release|Any CPU
	EndGlobalSection
	GlobalSection(SolutionProperties) = preSolution
		HideSolutionNode = FALSE
	EndGlobalSection
	GlobalSection(ExtensibilityGlobals) = postSolution
		SolutionGuid = {8AA09D40-2D9A-401B-8907-4850BB2DFB59}
	EndGlobalSection
EndGlobal
